// !$*UTF8*$!
{
	archiveVersion = 1;
	classes = {
	};
	objectVersion = 46;
	objects = {

/* Begin PBXBuildFile section */
		68D436611CE5B200004E7C63 /* AppDelegate.swift in Sources */ = {isa = PBXBuildFile; fileRef = 68D436601CE5B200004E7C63 /* AppDelegate.swift */; };
		68D436631CE5B200004E7C63 /* ViewController.swift in Sources */ = {isa = PBXBuildFile; fileRef = 68D436621CE5B200004E7C63 /* ViewController.swift */; };
		68D436661CE5B200004E7C63 /* Main.storyboard in Resources */ = {isa = PBXBuildFile; fileRef = 68D436641CE5B200004E7C63 /* Main.storyboard */; };
		68D436681CE5B200004E7C63 /* Assets.xcassets in Resources */ = {isa = PBXBuildFile; fileRef = 68D436671CE5B200004E7C63 /* Assets.xcassets */; };
		68D4366B1CE5B200004E7C63 /* LaunchScreen.storyboard in Resources */ = {isa = PBXBuildFile; fileRef = 68D436691CE5B200004E7C63 /* LaunchScreen.storyboard */; };
		68D436731CE5B2FA004E7C63 /* Alamofire.framework in Frameworks */ = {isa = PBXBuildFile; fileRef = 68D436721CE5B2FA004E7C63 /* Alamofire.framework */; };
		68D436811CE5B3AC004E7C63 /* AWExtensions.swift in Sources */ = {isa = PBXBuildFile; fileRef = 68D436761CE5B3AC004E7C63 /* AWExtensions.swift */; };
		68D436821CE5B3AC004E7C63 /* AWHttpRequest.swift in Sources */ = {isa = PBXBuildFile; fileRef = 68D436771CE5B3AC004E7C63 /* AWHttpRequest.swift */; };
		68D436831CE5B3AC004E7C63 /* AWImageLoader.swift in Sources */ = {isa = PBXBuildFile; fileRef = 68D436781CE5B3AC004E7C63 /* AWImageLoader.swift */; };
		68D436841CE5B3AC004E7C63 /* AWModal.swift in Sources */ = {isa = PBXBuildFile; fileRef = 68D436791CE5B3AC004E7C63 /* AWModal.swift */; };
		68D436851CE5B3AC004E7C63 /* AWModal3.swift in Sources */ = {isa = PBXBuildFile; fileRef = 68D4367A1CE5B3AC004E7C63 /* AWModal3.swift */; };
		68D436861CE5B3AC004E7C63 /* AWPromise+Alamofire.swift in Sources */ = {isa = PBXBuildFile; fileRef = 68D4367B1CE5B3AC004E7C63 /* AWPromise+Alamofire.swift */; };
		68D436871CE5B3AC004E7C63 /* AWPromise+AWHttpRequest.swift in Sources */ = {isa = PBXBuildFile; fileRef = 68D4367C1CE5B3AC004E7C63 /* AWPromise+AWHttpRequest.swift */; };
		68D436881CE5B3AC004E7C63 /* AWPromise.swift in Sources */ = {isa = PBXBuildFile; fileRef = 68D4367D1CE5B3AC004E7C63 /* AWPromise.swift */; };
		68D436891CE5B3AC004E7C63 /* UIImageView+AWImageLoader.swift in Sources */ = {isa = PBXBuildFile; fileRef = 68D4367E1CE5B3AC004E7C63 /* UIImageView+AWImageLoader.swift */; };
		68D4368A1CE5B3AC004E7C63 /* TestViewController.swift in Sources */ = {isa = PBXBuildFile; fileRef = 68D4367F1CE5B3AC004E7C63 /* TestViewController.swift */; };
		68D4368B1CE5B3AC004E7C63 /* PhotosViewController.swift in Sources */ = {isa = PBXBuildFile; fileRef = 68D436801CE5B3AC004E7C63 /* PhotosViewController.swift */; };
/* End PBXBuildFile section */

/* Begin PBXFileReference section */
		68D4365D1CE5B200004E7C63 /* AWKit.app */ = {isa = PBXFileReference; explicitFileType = wrapper.application; includeInIndex = 0; path = AWKit.app; sourceTree = BUILT_PRODUCTS_DIR; };
		68D436601CE5B200004E7C63 /* AppDelegate.swift */ = {isa = PBXFileReference; lastKnownFileType = sourcecode.swift; path = AppDelegate.swift; sourceTree = "<group>"; };
		68D436621CE5B200004E7C63 /* ViewController.swift */ = {isa = PBXFileReference; lastKnownFileType = sourcecode.swift; path = ViewController.swift; sourceTree = "<group>"; };
		68D436651CE5B200004E7C63 /* Base */ = {isa = PBXFileReference; lastKnownFileType = file.storyboard; name = Base; path = Base.lproj/Main.storyboard; sourceTree = "<group>"; };
		68D436671CE5B200004E7C63 /* Assets.xcassets */ = {isa = PBXFileReference; lastKnownFileType = folder.assetcatalog; path = Assets.xcassets; sourceTree = "<group>"; };
		68D4366A1CE5B200004E7C63 /* Base */ = {isa = PBXFileReference; lastKnownFileType = file.storyboard; name = Base; path = Base.lproj/LaunchScreen.storyboard; sourceTree = "<group>"; };
		68D4366C1CE5B200004E7C63 /* Info.plist */ = {isa = PBXFileReference; lastKnownFileType = text.plist.xml; path = Info.plist; sourceTree = "<group>"; };
		68D436721CE5B2FA004E7C63 /* Alamofire.framework */ = {isa = PBXFileReference; lastKnownFileType = wrapper.framework; name = Alamofire.framework; path = Carthage/Build/iOS/Alamofire.framework; sourceTree = "<group>"; };
		68D436761CE5B3AC004E7C63 /* AWExtensions.swift */ = {isa = PBXFileReference; fileEncoding = 4; lastKnownFileType = sourcecode.swift; path = AWExtensions.swift; sourceTree = "<group>"; };
		68D436771CE5B3AC004E7C63 /* AWHttpRequest.swift */ = {isa = PBXFileReference; fileEncoding = 4; lastKnownFileType = sourcecode.swift; path = AWHttpRequest.swift; sourceTree = "<group>"; };
		68D436781CE5B3AC004E7C63 /* AWImageLoader.swift */ = {isa = PBXFileReference; fileEncoding = 4; lastKnownFileType = sourcecode.swift; path = AWImageLoader.swift; sourceTree = "<group>"; };
		68D436791CE5B3AC004E7C63 /* AWModal.swift */ = {isa = PBXFileReference; fileEncoding = 4; lastKnownFileType = sourcecode.swift; path = AWModal.swift; sourceTree = "<group>"; };
		68D4367A1CE5B3AC004E7C63 /* AWModal3.swift */ = {isa = PBXFileReference; fileEncoding = 4; lastKnownFileType = sourcecode.swift; path = AWModal3.swift; sourceTree = "<group>"; };
		68D4367B1CE5B3AC004E7C63 /* AWPromise+Alamofire.swift */ = {isa = PBXFileReference; fileEncoding = 4; lastKnownFileType = sourcecode.swift; path = "AWPromise+Alamofire.swift"; sourceTree = "<group>"; };
		68D4367C1CE5B3AC004E7C63 /* AWPromise+AWHttpRequest.swift */ = {isa = PBXFileReference; fileEncoding = 4; lastKnownFileType = sourcecode.swift; path = "AWPromise+AWHttpRequest.swift"; sourceTree = "<group>"; };
		68D4367D1CE5B3AC004E7C63 /* AWPromise.swift */ = {isa = PBXFileReference; fileEncoding = 4; lastKnownFileType = sourcecode.swift; path = AWPromise.swift; sourceTree = "<group>"; };
		68D4367E1CE5B3AC004E7C63 /* UIImageView+AWImageLoader.swift */ = {isa = PBXFileReference; fileEncoding = 4; lastKnownFileType = sourcecode.swift; path = "UIImageView+AWImageLoader.swift"; sourceTree = "<group>"; };
		68D4367F1CE5B3AC004E7C63 /* TestViewController.swift */ = {isa = PBXFileReference; fileEncoding = 4; lastKnownFileType = sourcecode.swift; path = TestViewController.swift; sourceTree = "<group>"; };
		68D436801CE5B3AC004E7C63 /* PhotosViewController.swift */ = {isa = PBXFileReference; fileEncoding = 4; lastKnownFileType = sourcecode.swift; path = PhotosViewController.swift; sourceTree = "<group>"; };
/* End PBXFileReference section */

/* Begin PBXFrameworksBuildPhase section */
		68D4365A1CE5B200004E7C63 /* Frameworks */ = {
			isa = PBXFrameworksBuildPhase;
			buildActionMask = 2147483647;
			files = (
				68D436731CE5B2FA004E7C63 /* Alamofire.framework in Frameworks */,
			);
			runOnlyForDeploymentPostprocessing = 0;
		};
/* End PBXFrameworksBuildPhase section */

/* Begin PBXGroup section */
		68D436541CE5B200004E7C63 = {
			isa = PBXGroup;
			children = (
				68D436721CE5B2FA004E7C63 /* Alamofire.framework */,
				68D4365F1CE5B200004E7C63 /* AWKit */,
				68D4365E1CE5B200004E7C63 /* Products */,
			);
			sourceTree = "<group>";
		};
		68D4365E1CE5B200004E7C63 /* Products */ = {
			isa = PBXGroup;
			children = (
				68D4365D1CE5B200004E7C63 /* AWKit.app */,
			);
			name = Products;
			sourceTree = "<group>";
		};
		68D4365F1CE5B200004E7C63 /* AWKit */ = {
			isa = PBXGroup;
			children = (
				68D436751CE5B3AC004E7C63 /* AWKit */,
				68D4367F1CE5B3AC004E7C63 /* TestViewController.swift */,
				68D436801CE5B3AC004E7C63 /* PhotosViewController.swift */,
				68D436601CE5B200004E7C63 /* AppDelegate.swift */,
				68D436621CE5B200004E7C63 /* ViewController.swift */,
				68D436641CE5B200004E7C63 /* Main.storyboard */,
				68D436671CE5B200004E7C63 /* Assets.xcassets */,
				68D436691CE5B200004E7C63 /* LaunchScreen.storyboard */,
				68D4366C1CE5B200004E7C63 /* Info.plist */,
			);
			path = AWKit;
			sourceTree = "<group>";
		};
		68D436751CE5B3AC004E7C63 /* AWKit */ = {
			isa = PBXGroup;
			children = (
				68D436761CE5B3AC004E7C63 /* AWExtensions.swift */,
				68D436771CE5B3AC004E7C63 /* AWHttpRequest.swift */,
				68D436781CE5B3AC004E7C63 /* AWImageLoader.swift */,
				68D436791CE5B3AC004E7C63 /* AWModal.swift */,
				68D4367A1CE5B3AC004E7C63 /* AWModal3.swift */,
				68D4367B1CE5B3AC004E7C63 /* AWPromise+Alamofire.swift */,
				68D4367C1CE5B3AC004E7C63 /* AWPromise+AWHttpRequest.swift */,
				68D4367D1CE5B3AC004E7C63 /* AWPromise.swift */,
				68D4367E1CE5B3AC004E7C63 /* UIImageView+AWImageLoader.swift */,
			);
			path = AWKit;
			sourceTree = "<group>";
		};
/* End PBXGroup section */

/* Begin PBXNativeTarget section */
		68D4365C1CE5B200004E7C63 /* AWKit */ = {
			isa = PBXNativeTarget;
			buildConfigurationList = 68D4366F1CE5B200004E7C63 /* Build configuration list for PBXNativeTarget "AWKit" */;
			buildPhases = (
				68D436591CE5B200004E7C63 /* Sources */,
				68D4365A1CE5B200004E7C63 /* Frameworks */,
				68D4365B1CE5B200004E7C63 /* Resources */,
				68D436741CE5B315004E7C63 /* ShellScript */,
			);
			buildRules = (
			);
			dependencies = (
			);
			name = AWKit;
			productName = AWKit;
			productReference = 68D4365D1CE5B200004E7C63 /* AWKit.app */;
			productType = "com.apple.product-type.application";
		};
/* End PBXNativeTarget section */

/* Begin PBXProject section */
		68D436551CE5B200004E7C63 /* Project object */ = {
			isa = PBXProject;
			attributes = {
				LastSwiftUpdateCheck = 0730;
				LastUpgradeCheck = 0730;
				ORGANIZATIONNAME = "秦 道平";
				TargetAttributes = {
					68D4365C1CE5B200004E7C63 = {
						CreatedOnToolsVersion = 7.3.1;
					};
				};
			};
			buildConfigurationList = 68D436581CE5B200004E7C63 /* Build configuration list for PBXProject "AWKit" */;
			compatibilityVersion = "Xcode 3.2";
			developmentRegion = English;
			hasScannedForEncodings = 0;
			knownRegions = (
				en,
				Base,
			);
			mainGroup = 68D436541CE5B200004E7C63;
			productRefGroup = 68D4365E1CE5B200004E7C63 /* Products */;
			projectDirPath = "";
			projectRoot = "";
			targets = (
				68D4365C1CE5B200004E7C63 /* AWKit */,
			);
		};
/* End PBXProject section */

/* Begin PBXResourcesBuildPhase section */
		68D4365B1CE5B200004E7C63 /* Resources */ = {
			isa = PBXResourcesBuildPhase;
			buildActionMask = 2147483647;
			files = (
				68D4366B1CE5B200004E7C63 /* LaunchScreen.storyboard in Resources */,
				68D436681CE5B200004E7C63 /* Assets.xcassets in Resources */,
				68D436661CE5B200004E7C63 /* Main.storyboard in Resources */,
			);
			runOnlyForDeploymentPostprocessing = 0;
		};
/* End PBXResourcesBuildPhase section */

/* Begin PBXShellScriptBuildPhase section */
		68D436741CE5B315004E7C63 /* ShellScript */ = {
			isa = PBXShellScriptBuildPhase;
			buildActionMask = 2147483647;
			files = (
			);
			inputPaths = (
				"$(SRCROOT)/Carthage/Build/iOS/Alamofire.framework",
			);
			outputPaths = (
			);
			runOnlyForDeploymentPostprocessing = 0;
			shellPath = /bin/sh;
			shellScript = "/usr/local/bin/carthage copy-frameworks";
		};
/* End PBXShellScriptBuildPhase section */

/* Begin PBXSourcesBuildPhase section */
		68D436591CE5B200004E7C63 /* Sources */ = {
			isa = PBXSourcesBuildPhase;
			buildActionMask = 2147483647;
			files = (
				68D436631CE5B200004E7C63 /* ViewController.swift in Sources */,
				68D4368B1CE5B3AC004E7C63 /* PhotosViewController.swift in Sources */,
				68D436611CE5B200004E7C63 /* AppDelegate.swift in Sources */,
				68D436811CE5B3AC004E7C63 /* AWExtensions.swift in Sources */,
				68D436851CE5B3AC004E7C63 /* AWModal3.swift in Sources */,
				68D436871CE5B3AC004E7C63 /* AWPromise+AWHttpRequest.swift in Sources */,
				68D436821CE5B3AC004E7C63 /* AWHttpRequest.swift in Sources */,
				68D436891CE5B3AC004E7C63 /* UIImageView+AWImageLoader.swift in Sources */,
				68D436831CE5B3AC004E7C63 /* AWImageLoader.swift in Sources */,
				68D436861CE5B3AC004E7C63 /* AWPromise+Alamofire.swift in Sources */,
				68D436841CE5B3AC004E7C63 /* AWModal.swift in Sources */,
				68D4368A1CE5B3AC004E7C63 /* TestViewController.swift in Sources */,
				68D436881CE5B3AC004E7C63 /* AWPromise.swift in Sources */,
			);
			runOnlyForDeploymentPostprocessing = 0;
		};
/* End PBXSourcesBuildPhase section */

/* Begin PBXVariantGroup section */
		68D436641CE5B200004E7C63 /* Main.storyboard */ = {
			isa = PBXVariantGroup;
			children = (
				68D436651CE5B200004E7C63 /* Base */,
			);
			name = Main.storyboard;
			sourceTree = "<group>";
		};
		68D436691CE5B200004E7C63 /* LaunchScreen.storyboard */ = {
			isa = PBXVariantGroup;
			children = (
				68D4366A1CE5B200004E7C63 /* Base */,
			);
			name = LaunchScreen.storyboard;
			sourceTree = "<group>";
		};
/* End PBXVariantGroup section */

/* Begin XCBuildConfiguration section */
		68D4366D1CE5B200004E7C63 /* Debug */ = {
			isa = XCBuildConfiguration;
			buildSettings = {
				ALWAYS_SEARCH_USER_PATHS = NO;
				CLANG_ANALYZER_NONNULL = YES;
				CLANG_CXX_LANGUAGE_STANDARD = "gnu++0x";
				CLANG_CXX_LIBRARY = "libc++";
				CLANG_ENABLE_MODULES = YES;
				CLANG_ENABLE_OBJC_ARC = YES;
				CLANG_WARN_BOOL_CONVERSION = YES;
				CLANG_WARN_CONSTANT_CONVERSION = YES;
				CLANG_WARN_DIRECT_OBJC_ISA_USAGE = YES_ERROR;
				CLANG_WARN_EMPTY_BODY = YES;
				CLANG_WARN_ENUM_CONVERSION = YES;
				CLANG_WARN_INT_CONVERSION = YES;
				CLANG_WARN_OBJC_ROOT_CLASS = YES_ERROR;
				CLANG_WARN_UNREACHABLE_CODE = YES;
				CLANG_WARN__DUPLICATE_METHOD_MATCH = YES;
				"CODE_SIGN_IDENTITY[sdk=iphoneos*]" = "iPhone Developer";
				COPY_PHASE_STRIP = NO;
				DEBUG_INFORMATION_FORMAT = dwarf;
				ENABLE_STRICT_OBJC_MSGSEND = YES;
				ENABLE_TESTABILITY = YES;
				GCC_C_LANGUAGE_STANDARD = gnu99;
				GCC_DYNAMIC_NO_PIC = NO;
				GCC_NO_COMMON_BLOCKS = YES;
				GCC_OPTIMIZATION_LEVEL = 0;
				GCC_PREPROCESSOR_DEFINITIONS = (
					"DEBUG=1",
					"$(inherited)",
				);
				GCC_WARN_64_TO_32_BIT_CONVERSION = YES;
				GCC_WARN_ABOUT_RETURN_TYPE = YES_ERROR;
				GCC_WARN_UNDECLARED_SELECTOR = YES;
				GCC_WARN_UNINITIALIZED_AUTOS = YES_AGGRESSIVE;
				GCC_WARN_UNUSED_FUNCTION = YES;
				GCC_WARN_UNUSED_VARIABLE = YES;
				IPHONEOS_DEPLOYMENT_TARGET = 9.3;
				MTL_ENABLE_DEBUG_INFO = YES;
				ONLY_ACTIVE_ARCH = YES;
				SDKROOT = iphoneos;
				SWIFT_OPTIMIZATION_LEVEL = "-Onone";
			};
			name = Debug;
		};
		68D4366E1CE5B200004E7C63 /* Release */ = {
			isa = XCBuildConfiguration;
			buildSettings = {
				ALWAYS_SEARCH_USER_PATHS = NO;
				CLANG_ANALYZER_NONNULL = YES;
				CLANG_CXX_LANGUAGE_STANDARD = "gnu++0x";
				CLANG_CXX_LIBRARY = "libc++";
				CLANG_ENABLE_MODULES = YES;
				CLANG_ENABLE_OBJC_ARC = YES;
				CLANG_WARN_BOOL_CONVERSION = YES;
				CLANG_WARN_CONSTANT_CONVERSION = YES;
				CLANG_WARN_DIRECT_OBJC_ISA_USAGE = YES_ERROR;
				CLANG_WARN_EMPTY_BODY = YES;
				CLANG_WARN_ENUM_CONVERSION = YES;
				CLANG_WARN_INT_CONVERSION = YES;
				CLANG_WARN_OBJC_ROOT_CLASS = YES_ERROR;
				CLANG_WARN_UNREACHABLE_CODE = YES;
				CLANG_WARN__DUPLICATE_METHOD_MATCH = YES;
				"CODE_SIGN_IDENTITY[sdk=iphoneos*]" = "iPhone Developer";
				COPY_PHASE_STRIP = NO;
				DEBUG_INFORMATION_FORMAT = "dwarf-with-dsym";
				ENABLE_NS_ASSERTIONS = NO;
				ENABLE_STRICT_OBJC_MSGSEND = YES;
				GCC_C_LANGUAGE_STANDARD = gnu99;
				GCC_NO_COMMON_BLOCKS = YES;
				GCC_WARN_64_TO_32_BIT_CONVERSION = YES;
				GCC_WARN_ABOUT_RETURN_TYPE = YES_ERROR;
				GCC_WARN_UNDECLARED_SELECTOR = YES;
				GCC_WARN_UNINITIALIZED_AUTOS = YES_AGGRESSIVE;
				GCC_WARN_UNUSED_FUNCTION = YES;
				GCC_WARN_UNUSED_VARIABLE = YES;
				IPHONEOS_DEPLOYMENT_TARGET = 9.3;
				MTL_ENABLE_DEBUG_INFO = NO;
				SDKROOT = iphoneos;
				VALIDATE_PRODUCT = YES;
			};
			name = Release;
		};
		68D436701CE5B200004E7C63 /* Debug */ = {
			isa = XCBuildConfiguration;
			buildSettings = {
				ASSETCATALOG_COMPILER_APPICON_NAME = AppIcon;
				FRAMEWORK_SEARCH_PATHS = (
					"$(inherited)",
					"$(PROJECT_DIR)/Carthage/Build/iOS",
				);
				INFOPLIST_FILE = AWKit/Info.plist;
				LD_RUNPATH_SEARCH_PATHS = "$(inherited) @executable_path/Frameworks";
				PRODUCT_BUNDLE_IDENTIFIER = adow.AWKit;
				PRODUCT_NAME = "$(TARGET_NAME)";
			};
			name = Debug;
		};
		68D436711CE5B200004E7C63 /* Release */ = {
			isa = XCBuildConfiguration;
			buildSettings = {
				ASSETCATALOG_COMPILER_APPICON_NAME = AppIcon;
				FRAMEWORK_SEARCH_PATHS = (
					"$(inherited)",
					"$(PROJECT_DIR)/Carthage/Build/iOS",
				);
				INFOPLIST_FILE = AWKit/Info.plist;
				LD_RUNPATH_SEARCH_PATHS = "$(inherited) @executable_path/Frameworks";
				PRODUCT_BUNDLE_IDENTIFIER = adow.AWKit;
				PRODUCT_NAME = "$(TARGET_NAME)";
			};
			name = Release;
		};
/* End XCBuildConfiguration section */

/* Begin XCConfigurationList section */
		68D436581CE5B200004E7C63 /* Build configuration list for PBXProject "AWKit" */ = {
			isa = XCConfigurationList;
			buildConfigurations = (
				68D4366D1CE5B200004E7C63 /* Debug */,
				68D4366E1CE5B200004E7C63 /* Release */,
			);
			defaultConfigurationIsVisible = 0;
			defaultConfigurationName = Release;
		};
		68D4366F1CE5B200004E7C63 /* Build configuration list for PBXNativeTarget "AWKit" */ = {
			isa = XCConfigurationList;
			buildConfigurations = (
				68D436701CE5B200004E7C63 /* Debug */,
				68D436711CE5B200004E7C63 /* Release */,
			);
			defaultConfigurationIsVisible = 0;
		};
/* End XCConfigurationList section */
	};
	rootObject = 68D436551CE5B200004E7C63 /* Project object */;
}
